PODS:
  - Capacitor (7.4.2):
    - CapacitorCordova
  - CapacitorApp (7.1.0):
    - Capacitor
  - CapacitorCordova (7.4.2)
  - PurchasesHybridCommon (17.5.0):
    - RevenueCat (= 5.37.0)
  - PurchasesHybridCommonUI (17.5.0):
    - PurchasesHybridCommon (= 17.5.0)
    - RevenueCatUI (= 5.37.0)
  - RevenueCat (5.37.0)
  - RevenuecatPurchasesCapacitor (11.2.0):
    - Capacitor
    - PurchasesHybridCommon (= 17.5.0)
  - RevenuecatPurchasesCapacitorUi (11.2.0):
    - Capacitor
    - PurchasesHybridCommonUI (= 17.5.0)
  - RevenueCatUI (5.37.0):
    - RevenueCat (= 5.37.0)

DEPENDENCIES:
  - "Capacitor (from `../../node_modules/@capacitor/ios`)"
  - "CapacitorApp (from `../../node_modules/@capacitor/app`)"
  - "CapacitorCordova (from `../../node_modules/@capacitor/ios`)"
  - "RevenuecatPurchasesCapacitor (from `../../node_modules/@revenuecat/purchases-capacitor`)"
  - "RevenuecatPurchasesCapacitorUi (from `../../node_modules/@revenuecat/purchases-capacitor-ui`)"

SPEC REPOS:
  trunk:
    - PurchasesHybridCommon
    - PurchasesHybridCommonUI
    - RevenueCat
    - RevenueCatUI

EXTERNAL SOURCES:
  Capacitor:
    :path: "../../node_modules/@capacitor/ios"
  CapacitorApp:
    :path: "../../node_modules/@capacitor/app"
  CapacitorCordova:
    :path: "../../node_modules/@capacitor/ios"
  RevenuecatPurchasesCapacitor:
    :path: "../../node_modules/@revenuecat/purchases-capacitor"
  RevenuecatPurchasesCapacitorUi:
    :path: "../../node_modules/@revenuecat/purchases-capacitor-ui"

SPEC CHECKSUMS:
  Capacitor: 9d9e481b79ffaeacaf7a85d6a11adec32bd33b59
  CapacitorApp: 26587c2ce485d88ddb39adb21cac64f8e481afe3
  CapacitorCordova: 5e58d04631bc5094894ac106e2bf1da18a9e6151
  PurchasesHybridCommon: 7d56bf25c61e2c8a62e5b23d7bf16b5060420fe9
  PurchasesHybridCommonUI: 71ff7a9d86a765ab5f941292868cf2ce832b3087
  RevenueCat: fc4ad171bbfbfb974210f0b26ce470b007be111f
  RevenuecatPurchasesCapacitor: db071ba6f8ad7dea18c2d040790077a133f44f47
  RevenuecatPurchasesCapacitorUi: 9f4a696b648a6b9df0e9ff5334602616dfc891cf
  RevenueCatUI: cf8e3cc5ed9bef944138a991577a28c0c4454020

PODFILE CHECKSUM: 9aa2bbcc3a0cec01f9c29063804acc66c64a6f70

COCOAPODS: 1.16.2
